
Microsoft Visual Studio Solution File, Format Version 12.00
# Visual Studio Version 17
VisualStudioVersion = 17.4.33205.214
MinimumVisualStudioVersion = 10.0.40219.1
Project("{FAE04EC0-301F-11D3-BF4B-00C04F79EFBC}") = "Gusakov.TriangleCheck", "Gusakov.TriangleCheck\Gusakov.TriangleCheck.csproj", "{77A6FA04-F79F-4D72-BE30-D83B0A05AA16}"
EndProject
Project("{FAE04EC0-301F-11D3-BF4B-00C04F79EFBC}") = "Gusakov.TriangleCheck.Console", "Gusakov.TriangleCheck.Console\Gusakov.TriangleCheck.Console.csproj", "{9E54DDFF-D8DA-4B0D-8C25-CD34ACDB5326}"
EndProject
Global
	GlobalSection(SolutionConfigurationPlatforms) = preSolution
		Debug|Any CPU = Debug|Any CPU
		Release|Any CPU = Release|Any CPU
	EndGlobalSection
	GlobalSection(ProjectConfigurationPlatforms) = postSolution
		{77A6FA04-F79F-4D72-BE30-D83B0A05AA16}.Debug|Any CPU.ActiveCfg = Debug|Any CPU
		{77A6FA04-F79F-4D72-BE30-D83B0A05AA16}.Debug|Any CPU.Build.0 = Debug|Any CPU
		{77A6FA04-F79F-4D72-BE30-D83B0A05AA16}.Release|Any CPU.ActiveCfg = Release|Any CPU
		{77A6FA04-F79F-4D72-BE30-D83B0A05AA16}.Release|Any CPU.Build.0 = Release|Any CPU
		{9E54DDFF-D8DA-4B0D-8C25-CD34ACDB5326}.Debug|Any CPU.ActiveCfg = Debug|Any CPU
		{9E54DDFF-D8DA-4B0D-8C25-CD34ACDB5326}.Debug|Any CPU.Build.0 = Debug|Any CPU
		{9E54DDFF-D8DA-4B0D-8C25-CD34ACDB5326}.Release|Any CPU.ActiveCfg = Release|Any CPU
		{9E54DDFF-D8DA-4B0D-8C25-CD34ACDB5326}.Release|Any CPU.Build.0 = Release|Any CPU
	EndGlobalSection
	GlobalSection(SolutionProperties) = preSolution
		HideSolutionNode = FALSE
	EndGlobalSection
	GlobalSection(ExtensibilityGlobals) = postSolution
		SolutionGuid = {7AAD4254-B357-47A6-87EB-66B50265D5A0}
	EndGlobalSection
EndGlobal
